// !$*UTF8*$!
{
	archiveVersion = 1;
	classes = {
	};
	objectVersion = 46;
	objects = {

/* Begin PBXBuildFile section */
		59E7C8581AAD4E7E007A6FF0 /* AppDelegate.swift in Sources */ = {isa = PBXBuildFile; fileRef = 59E7C8571AAD4E7E007A6FF0 /* AppDelegate.swift */; };
		59E7C85A1AAD4E7E007A6FF0 /* ViewController.swift in Sources */ = {isa = PBXBuildFile; fileRef = 59E7C8591AAD4E7E007A6FF0 /* ViewController.swift */; };
		59E7C85D1AAD4E7E007A6FF0 /* Main.storyboard in Resources */ = {isa = PBXBuildFile; fileRef = 59E7C85B1AAD4E7E007A6FF0 /* Main.storyboard */; };
		59E7C85F1AAD4E7E007A6FF0 /* Images.xcassets in Resources */ = {isa = PBXBuildFile; fileRef = 59E7C85E1AAD4E7E007A6FF0 /* Images.xcassets */; };
		59E7C8621AAD4E7E007A6FF0 /* LaunchScreen.xib in Resources */ = {isa = PBXBuildFile; fileRef = 59E7C8601AAD4E7E007A6FF0 /* LaunchScreen.xib */; };
		59E7C86E1AAD4E7E007A6FF0 /* TipCalculculatorTests.swift in Sources */ = {isa = PBXBuildFile; fileRef = 59E7C86D1AAD4E7E007A6FF0 /* TipCalculculatorTests.swift */; };
		59E7C8781AAD4EE9007A6FF0 /* TipCalculatorModel.swift in Sources */ = {isa = PBXBuildFile; fileRef = 59E7C8771AAD4EE9007A6FF0 /* TipCalculatorModel.swift */; };
/* End PBXBuildFile section */

/* Begin PBXContainerItemProxy section */
		59E7C8681AAD4E7E007A6FF0 /* PBXContainerItemProxy */ = {
			isa = PBXContainerItemProxy;
			containerPortal = 59E7C84A1AAD4E7E007A6FF0 /* Project object */;
			proxyType = 1;
			remoteGlobalIDString = 59E7C8511AAD4E7E007A6FF0;
			remoteInfo = TipCalculculator;
		};
/* End PBXContainerItemProxy section */

/* Begin PBXFileReference section */
		59E7C8521AAD4E7E007A6FF0 /* TipCalculculator.app */ = {isa = PBXFileReference; explicitFileType = wrapper.application; includeInIndex = 0; path = TipCalculculator.app; sourceTree = BUILT_PRODUCTS_DIR; };
		59E7C8561AAD4E7E007A6FF0 /* Info.plist */ = {isa = PBXFileReference; lastKnownFileType = text.plist.xml; path = Info.plist; sourceTree = "<group>"; };
		59E7C8571AAD4E7E007A6FF0 /* AppDelegate.swift */ = {isa = PBXFileReference; lastKnownFileType = sourcecode.swift; path = AppDelegate.swift; sourceTree = "<group>"; };
		59E7C8591AAD4E7E007A6FF0 /* ViewController.swift */ = {isa = PBXFileReference; lastKnownFileType = sourcecode.swift; path = ViewController.swift; sourceTree = "<group>"; };
		59E7C85C1AAD4E7E007A6FF0 /* Base */ = {isa = PBXFileReference; lastKnownFileType = file.storyboard; name = Base; path = Base.lproj/Main.storyboard; sourceTree = "<group>"; };
		59E7C85E1AAD4E7E007A6FF0 /* Images.xcassets */ = {isa = PBXFileReference; lastKnownFileType = folder.assetcatalog; path = Images.xcassets; sourceTree = "<group>"; };
		59E7C8611AAD4E7E007A6FF0 /* Base */ = {isa = PBXFileReference; lastKnownFileType = file.xib; name = Base; path = Base.lproj/LaunchScreen.xib; sourceTree = "<group>"; };
		59E7C8671AAD4E7E007A6FF0 /* TipCalculculatorTests.xctest */ = {isa = PBXFileReference; explicitFileType = wrapper.cfbundle; includeInIndex = 0; path = TipCalculculatorTests.xctest; sourceTree = BUILT_PRODUCTS_DIR; };
		59E7C86C1AAD4E7E007A6FF0 /* Info.plist */ = {isa = PBXFileReference; lastKnownFileType = text.plist.xml; path = Info.plist; sourceTree = "<group>"; };
		59E7C86D1AAD4E7E007A6FF0 /* TipCalculculatorTests.swift */ = {isa = PBXFileReference; lastKnownFileType = sourcecode.swift; path = TipCalculculatorTests.swift; sourceTree = "<group>"; };
		59E7C8771AAD4EE9007A6FF0 /* TipCalculatorModel.swift */ = {isa = PBXFileReference; fileEncoding = 4; lastKnownFileType = sourcecode.swift; path = TipCalculatorModel.swift; sourceTree = "<group>"; };
/* End PBXFileReference section */

/* Begin PBXFrameworksBuildPhase section */
		59E7C84F1AAD4E7E007A6FF0 /* Frameworks */ = {
			isa = PBXFrameworksBuildPhase;
			buildActionMask = 2147483647;
			files = (
			);
			runOnlyForDeploymentPostprocessing = 0;
		};
		59E7C8641AAD4E7E007A6FF0 /* Frameworks */ = {
			isa = PBXFrameworksBuildPhase;
			buildActionMask = 2147483647;
			files = (
			);
			runOnlyForDeploymentPostprocessing = 0;
		};
/* End PBXFrameworksBuildPhase section */

/* Begin PBXGroup section */
		59E7C8491AAD4E7E007A6FF0 = {
			isa = PBXGroup;
			children = (
				59E7C8771AAD4EE9007A6FF0 /* TipCalculatorModel.swift */,
				59E7C8541AAD4E7E007A6FF0 /* TipCalculculator */,
				59E7C86A1AAD4E7E007A6FF0 /* TipCalculculatorTests */,
				59E7C8531AAD4E7E007A6FF0 /* Products */,
			);
			sourceTree = "<group>";
		};
		59E7C8531AAD4E7E007A6FF0 /* Products */ = {
			isa = PBXGroup;
			children = (
				59E7C8521AAD4E7E007A6FF0 /* TipCalculculator.app */,
				59E7C8671AAD4E7E007A6FF0 /* TipCalculculatorTests.xctest */,
			);
			name = Products;
			sourceTree = "<group>";
		};
		59E7C8541AAD4E7E007A6FF0 /* TipCalculculator */ = {
			isa = PBXGroup;
			children = (
				59E7C8571AAD4E7E007A6FF0 /* AppDelegate.swift */,
				59E7C8591AAD4E7E007A6FF0 /* ViewController.swift */,
				59E7C85B1AAD4E7E007A6FF0 /* Main.storyboard */,
				59E7C85E1AAD4E7E007A6FF0 /* Images.xcassets */,
				59E7C8601AAD4E7E007A6FF0 /* LaunchScreen.xib */,
				59E7C8551AAD4E7E007A6FF0 /* Supporting Files */,
			);
			path = TipCalculculator;
			sourceTree = "<group>";
		};
		59E7C8551AAD4E7E007A6FF0 /* Supporting Files */ = {
			isa = PBXGroup;
			children = (
				59E7C8561AAD4E7E007A6FF0 /* Info.plist */,
			);
			name = "Supporting Files";
			sourceTree = "<group>";
		};
		59E7C86A1AAD4E7E007A6FF0 /* TipCalculculatorTests */ = {
			isa = PBXGroup;
			children = (
				59E7C86D1AAD4E7E007A6FF0 /* TipCalculculatorTests.swift */,
				59E7C86B1AAD4E7E007A6FF0 /* Supporting Files */,
			);
			path = TipCalculculatorTests;
			sourceTree = "<group>";
		};
		59E7C86B1AAD4E7E007A6FF0 /* Supporting Files */ = {
			isa = PBXGroup;
			children = (
				59E7C86C1AAD4E7E007A6FF0 /* Info.plist */,
			);
			name = "Supporting Files";
			sourceTree = "<group>";
		};
/* End PBXGroup section */

/* Begin PBXNativeTarget section */
		59E7C8511AAD4E7E007A6FF0 /* TipCalculculator */ = {
			isa = PBXNativeTarget;
			buildConfigurationList = 59E7C8711AAD4E7E007A6FF0 /* Build configuration list for PBXNativeTarget "TipCalculculator" */;
			buildPhases = (
				59E7C84E1AAD4E7E007A6FF0 /* Sources */,
				59E7C84F1AAD4E7E007A6FF0 /* Frameworks */,
				59E7C8501AAD4E7E007A6FF0 /* Resources */,
			);
			buildRules = (
			);
			dependencies = (
			);
			name = TipCalculculator;
			productName = TipCalculculator;
			productReference = 59E7C8521AAD4E7E007A6FF0 /* TipCalculculator.app */;
			productType = "com.apple.product-type.application";
		};
		59E7C8661AAD4E7E007A6FF0 /* TipCalculculatorTests */ = {
			isa = PBXNativeTarget;
			buildConfigurationList = 59E7C8741AAD4E7E007A6FF0 /* Build configuration list for PBXNativeTarget "TipCalculculatorTests" */;
			buildPhases = (
				59E7C8631AAD4E7E007A6FF0 /* Sources */,
				59E7C8641AAD4E7E007A6FF0 /* Frameworks */,
				59E7C8651AAD4E7E007A6FF0 /* Resources */,
			);
			buildRules = (
			);
			dependencies = (
				59E7C8691AAD4E7E007A6FF0 /* PBXTargetDependency */,
			);
			name = TipCalculculatorTests;
			productName = TipCalculculatorTests;
			productReference = 59E7C8671AAD4E7E007A6FF0 /* TipCalculculatorTests.xctest */;
			productType = "com.apple.product-type.bundle.unit-test";
		};
/* End PBXNativeTarget section */

/* Begin PBXProject section */
		59E7C84A1AAD4E7E007A6FF0 /* Project object */ = {
			isa = PBXProject;
			attributes = {
				LastUpgradeCheck = 0610;
				ORGANIZATIONNAME = "Lennox International";
				TargetAttributes = {
					59E7C8511AAD4E7E007A6FF0 = {
						CreatedOnToolsVersion = 6.1.1;
					};
					59E7C8661AAD4E7E007A6FF0 = {
						CreatedOnToolsVersion = 6.1.1;
						TestTargetID = 59E7C8511AAD4E7E007A6FF0;
					};
				};
			};
			buildConfigurationList = 59E7C84D1AAD4E7E007A6FF0 /* Build configuration list for PBXProject "TipCalculculator" */;
			compatibilityVersion = "Xcode 3.2";
			developmentRegion = English;
			hasScannedForEncodings = 0;
			knownRegions = (
				en,
				Base,
			);
			mainGroup = 59E7C8491AAD4E7E007A6FF0;
			productRefGroup = 59E7C8531AAD4E7E007A6FF0 /* Products */;
			projectDirPath = "";
			projectRoot = "";
			targets = (
				59E7C8511AAD4E7E007A6FF0 /* TipCalculculator */,
				59E7C8661AAD4E7E007A6FF0 /* TipCalculculatorTests */,
			);
		};
/* End PBXProject section */

/* Begin PBXResourcesBuildPhase section */
		59E7C8501AAD4E7E007A6FF0 /* Resources */ = {
			isa = PBXResourcesBuildPhase;
			buildActionMask = 2147483647;
			files = (
				59E7C85D1AAD4E7E007A6FF0 /* Main.storyboard in Resources */,
				59E7C8621AAD4E7E007A6FF0 /* LaunchScreen.xib in Resources */,
				59E7C85F1AAD4E7E007A6FF0 /* Images.xcassets in Resources */,
			);
			runOnlyForDeploymentPostprocessing = 0;
		};
		59E7C8651AAD4E7E007A6FF0 /* Resources */ = {
			isa = PBXResourcesBuildPhase;
			buildActionMask = 2147483647;
			files = (
			);
			runOnlyForDeploymentPostprocessing = 0;
		};
/* End PBXResourcesBuildPhase section */

/* Begin PBXSourcesBuildPhase section */
		59E7C84E1AAD4E7E007A6FF0 /* Sources */ = {
			isa = PBXSourcesBuildPhase;
			buildActionMask = 2147483647;
			files = (
				59E7C8781AAD4EE9007A6FF0 /* TipCalculatorModel.swift in Sources */,
				59E7C85A1AAD4E7E007A6FF0 /* ViewController.swift in Sources */,
				59E7C8581AAD4E7E007A6FF0 /* AppDelegate.swift in Sources */,
			);
			runOnlyForDeploymentPostprocessing = 0;
		};
		59E7C8631AAD4E7E007A6FF0 /* Sources */ = {
			isa = PBXSourcesBuildPhase;
			buildActionMask = 2147483647;
			files = (
				59E7C86E1AAD4E7E007A6FF0 /* TipCalculculatorTests.swift in Sources */,
			);
			runOnlyForDeploymentPostprocessing = 0;
		};
/* End PBXSourcesBuildPhase section */

/* Begin PBXTargetDependency section */
		59E7C8691AAD4E7E007A6FF0 /* PBXTargetDependency */ = {
			isa = PBXTargetDependency;
			target = 59E7C8511AAD4E7E007A6FF0 /* TipCalculculator */;
			targetProxy = 59E7C8681AAD4E7E007A6FF0 /* PBXContainerItemProxy */;
		};
/* End PBXTargetDependency section */

/* Begin PBXVariantGroup section */
		59E7C85B1AAD4E7E007A6FF0 /* Main.storyboard */ = {
			isa = PBXVariantGroup;
			children = (
				59E7C85C1AAD4E7E007A6FF0 /* Base */,
			);
			name = Main.storyboard;
			sourceTree = "<group>";
		};
		59E7C8601AAD4E7E007A6FF0 /* LaunchScreen.xib */ = {
			isa = PBXVariantGroup;
			children = (
				59E7C8611AAD4E7E007A6FF0 /* Base */,
			);
			name = LaunchScreen.xib;
			sourceTree = "<group>";
		};
/* End PBXVariantGroup section */

/* Begin XCBuildConfiguration section */
		59E7C86F1AAD4E7E007A6FF0 /* Debug */ = {
			isa = XCBuildConfiguration;
			buildSettings = {
				ALWAYS_SEARCH_USER_PATHS = NO;
				CLANG_CXX_LANGUAGE_STANDARD = "gnu++0x";
				CLANG_CXX_LIBRARY = "libc++";
				CLANG_ENABLE_MODULES = YES;
				CLANG_ENABLE_OBJC_ARC = YES;
				CLANG_WARN_BOOL_CONVERSION = YES;
				CLANG_WARN_CONSTANT_CONVERSION = YES;
				CLANG_WARN_DIRECT_OBJC_ISA_USAGE = YES_ERROR;
				CLANG_WARN_EMPTY_BODY = YES;
				CLANG_WARN_ENUM_CONVERSION = YES;
				CLANG_WARN_INT_CONVERSION = YES;
				CLANG_WARN_OBJC_ROOT_CLASS = YES_ERROR;
				CLANG_WARN_UNREACHABLE_CODE = YES;
				CLANG_WARN__DUPLICATE_METHOD_MATCH = YES;
				"CODE_SIGN_IDENTITY[sdk=iphoneos*]" = "iPhone Developer";
				COPY_PHASE_STRIP = NO;
				ENABLE_STRICT_OBJC_MSGSEND = YES;
				GCC_C_LANGUAGE_STANDARD = gnu99;
				GCC_DYNAMIC_NO_PIC = NO;
				GCC_OPTIMIZATION_LEVEL = 0;
				GCC_PREPROCESSOR_DEFINITIONS = (
					"DEBUG=1",
					"$(inherited)",
				);
				GCC_SYMBOLS_PRIVATE_EXTERN = NO;
				GCC_WARN_64_TO_32_BIT_CONVERSION = YES;
				GCC_WARN_ABOUT_RETURN_TYPE = YES_ERROR;
				GCC_WARN_UNDECLARED_SELECTOR = YES;
				GCC_WARN_UNINITIALIZED_AUTOS = YES_AGGRESSIVE;
				GCC_WARN_UNUSED_FUNCTION = YES;
				GCC_WARN_UNUSED_VARIABLE = YES;
				IPHONEOS_DEPLOYMENT_TARGET = 8.1;
				MTL_ENABLE_DEBUG_INFO = YES;
				ONLY_ACTIVE_ARCH = YES;
				SDKROOT = iphoneos;
				SWIFT_OPTIMIZATION_LEVEL = "-Onone";
			};
			name = Debug;
		};
		59E7C8701AAD4E7E007A6FF0 /* Release */ = {
			isa = XCBuildConfiguration;
			buildSettings = {
				ALWAYS_SEARCH_USER_PATHS = NO;
				CLANG_CXX_LANGUAGE_STANDARD = "gnu++0x";
				CLANG_CXX_LIBRARY = "libc++";
				CLANG_ENABLE_MODULES = YES;
				CLANG_ENABLE_OBJC_ARC = YES;
				CLANG_WARN_BOOL_CONVERSION = YES;
				CLANG_WARN_CONSTANT_CONVERSION = YES;
				CLANG_WARN_DIRECT_OBJC_ISA_USAGE = YES_ERROR;
				CLANG_WARN_EMPTY_BODY = YES;
				CLANG_WARN_ENUM_CONVERSION = YES;
				CLANG_WARN_INT_CONVERSION = YES;
				CLANG_WARN_OBJC_ROOT_CLASS = YES_ERROR;
				CLANG_WARN_UNREACHABLE_CODE = YES;
				CLANG_WARN__DUPLICATE_METHOD_MATCH = YES;
				"CODE_SIGN_IDENTITY[sdk=iphoneos*]" = "iPhone Developer";
				COPY_PHASE_STRIP = YES;
				ENABLE_NS_ASSERTIONS = NO;
				ENABLE_STRICT_OBJC_MSGSEND = YES;
				GCC_C_LANGUAGE_STANDARD = gnu99;
				GCC_WARN_64_TO_32_BIT_CONVERSION = YES;
				GCC_WARN_ABOUT_RETURN_TYPE = YES_ERROR;
				GCC_WARN_UNDECLARED_SELECTOR = YES;
				GCC_WARN_UNINITIALIZED_AUTOS = YES_AGGRESSIVE;
				GCC_WARN_UNUSED_FUNCTION = YES;
				GCC_WARN_UNUSED_VARIABLE = YES;
				IPHONEOS_DEPLOYMENT_TARGET = 8.1;
				MTL_ENABLE_DEBUG_INFO = NO;
				SDKROOT = iphoneos;
				VALIDATE_PRODUCT = YES;
			};
			name = Release;
		};
		59E7C8721AAD4E7E007A6FF0 /* Debug */ = {
			isa = XCBuildConfiguration;
			buildSettings = {
				ASSETCATALOG_COMPILER_APPICON_NAME = AppIcon;
				INFOPLIST_FILE = TipCalculculator/Info.plist;
				LD_RUNPATH_SEARCH_PATHS = "$(inherited) @executable_path/Frameworks";
				PRODUCT_NAME = "$(TARGET_NAME)";
			};
			name = Debug;
		};
		59E7C8731AAD4E7E007A6FF0 /* Release */ = {
			isa = XCBuildConfiguration;
			buildSettings = {
				ASSETCATALOG_COMPILER_APPICON_NAME = AppIcon;
				INFOPLIST_FILE = TipCalculculator/Info.plist;
				LD_RUNPATH_SEARCH_PATHS = "$(inherited) @executable_path/Frameworks";
				PRODUCT_NAME = "$(TARGET_NAME)";
			};
			name = Release;
		};
		59E7C8751AAD4E7E007A6FF0 /* Debug */ = {
			isa = XCBuildConfiguration;
			buildSettings = {
				BUNDLE_LOADER = "$(TEST_HOST)";
				FRAMEWORK_SEARCH_PATHS = (
					"$(SDKROOT)/Developer/Library/Frameworks",
					"$(inherited)",
				);
				GCC_PREPROCESSOR_DEFINITIONS = (
					"DEBUG=1",
					"$(inherited)",
				);
				INFOPLIST_FILE = TipCalculculatorTests/Info.plist;
				LD_RUNPATH_SEARCH_PATHS = "$(inherited) @executable_path/Frameworks @loader_path/Frameworks";
				PRODUCT_NAME = "$(TARGET_NAME)";
				TEST_HOST = "$(BUILT_PRODUCTS_DIR)/TipCalculculator.app/TipCalculculator";
			};
			name = Debug;
		};
		59E7C8761AAD4E7E007A6FF0 /* Release */ = {
			isa = XCBuildConfiguration;
			buildSettings = {
				BUNDLE_LOADER = "$(TEST_HOST)";
				FRAMEWORK_SEARCH_PATHS = (
					"$(SDKROOT)/Developer/Library/Frameworks",
					"$(inherited)",
				);
				INFOPLIST_FILE = TipCalculculatorTests/Info.plist;
				LD_RUNPATH_SEARCH_PATHS = "$(inherited) @executable_path/Frameworks @loader_path/Frameworks";
				PRODUCT_NAME = "$(TARGET_NAME)";
				TEST_HOST = "$(BUILT_PRODUCTS_DIR)/TipCalculculator.app/TipCalculculator";
			};
			name = Release;
		};
/* End XCBuildConfiguration section */

/* Begin XCConfigurationList section */
		59E7C84D1AAD4E7E007A6FF0 /* Build configuration list for PBXProject "TipCalculculator" */ = {
			isa = XCConfigurationList;
			buildConfigurations = (
				59E7C86F1AAD4E7E007A6FF0 /* Debug */,
				59E7C8701AAD4E7E007A6FF0 /* Release */,
			);
			defaultConfigurationIsVisible = 0;
			defaultConfigurationName = Release;
		};
		59E7C8711AAD4E7E007A6FF0 /* Build configuration list for PBXNativeTarget "TipCalculculator" */ = {
			isa = XCConfigurationList;
			buildConfigurations = (
				59E7C8721AAD4E7E007A6FF0 /* Debug */,
				59E7C8731AAD4E7E007A6FF0 /* Release */,
			);
			defaultConfigurationIsVisible = 0;
		};
		59E7C8741AAD4E7E007A6FF0 /* Build configuration list for PBXNativeTarget "TipCalculculatorTests" */ = {
			isa = XCConfigurationList;
			buildConfigurations = (
				59E7C8751AAD4E7E007A6FF0 /* Debug */,
				59E7C8761AAD4E7E007A6FF0 /* Release */,
			);
			defaultConfigurationIsVisible = 0;
		};
/* End XCConfigurationList section */
	};
	rootObject = 59E7C84A1AAD4E7E007A6FF0 /* Project object */;
}
